[[package]]
name = "pymodbus"
version = "2.5.3"
description = "A fully featured modbus protocol stack in python"
category = "dev"
optional = false
python-versions = ">=2.7,!=3.0.*,!=3.1.*,!=3.2.*,!=3.3.*,!=3.4.*,!=3.5.*"

[package.dependencies]
pyserial = ">=3.4"
six = ">=1.15.0"

[package.extras]
documents = ["sphinx (>=1.1.3)", "sphinx-rtd-theme", "humanfriendly"]
quality = ["coverage (>=3.5.3)", "nose (>=1.2.1)", "mock (>=1.0.0)", "pep8 (>=1.3.3)"]
repl = ["click (>=7.0)", "prompt-toolkit (==2.0.4)", "pygments (>=2.2.0)", "click (>=7.0)", "prompt-toolkit (>=3.0.8)", "pygments (>=2.2.0)", "aiohttp (>=3.7.3)", "pyserial-asyncio (>=0.5)"]
tornado = ["tornado (==4.5.3)"]
twisted = ["Twisted[conch,serial] (>=20.3.0)", "Twisted[conch] (>=20.3.0)"]

[[package]]
name = "pyserial"
version = "3.5"
description = "Python Serial Port Extension"
category = "dev"
optional = false
python-versions = "*"

[package.extras]
cp2110 = ["hidapi"]

[[package]]
name = "six"
version = "1.16.0"
description = "Python 2 and 3 compatibility utilities"
category = "dev"
optional = false
python-versions = ">=2.7, !=3.0.*, !=3.1.*, !=3.2.*"

[metadata]
lock-version = "1.1"
python-versions = "^3.10"
content-hash = "79afb2152db5418b5408cdf43c07d4fbffbaa82199f1dbf3398ba3badbeba2f4"

[metadata.files]
pymodbus = [
    {file = "pymodbus-2.5.3-py2.py3-none-any.whl", hash = "sha256:6f91403294a73b5a1616a11309f93c0b782115c09379438ef7ebc5bdf86182e9"},
    {file = "pymodbus-2.5.3.tar.gz", hash = "sha256:5ef68c1a109bdb467c830ef003ef2db6494349a5248e4af946fe21c9eefe7e74"},
]
pyserial = [
    {file = "pyserial-3.5-py2.py3-none-any.whl", hash = "sha256:c4451db6ba391ca6ca299fb3ec7bae67a5c55dde170964c7a14ceefec02f2cf0"},
    {file = "pyserial-3.5.tar.gz", hash = "sha256:3c77e014170dfffbd816e6ffc205e9842efb10be9f58ec16d3e8675b4925cddb"},
]
six = [
    {file = "six-1.16.0-py2.py3-none-any.whl", hash = "sha256:8abb2f1d86890a2dfb989f9a77cfcfd3e47c2a354b01111771326f8aa26e0254"},
    {file = "six-1.16.0.tar.gz", hash = "sha256:1e61c37477a1626458e36f7b1d82aa5c9b094fa4802892072e49de9c60c4c926"},
]
